lockfileVersion: '9.0'

settings:
  autoInstallPeers: true
  excludeLinksFromLockfile: false

importers:

  .:
    dependencies:
      '@thi.ng/colored-noise':
        specifier: ^1
        version: 1.0.137
      '@thi.ng/random':
        specifier: ^4
        version: 4.1.53
      '@thi.ng/transducers':
        specifier: ^9.6.0
        version: 9.6.41
    devDependencies:
      '@biomejs/biome':
        specifier: 2.5.2
        version: 2.5.2
      '@rsbuild/core':
        specifier: ^2.1.5
        version: 2.1.5
      '@rslib/core':
        specifier: ^0.23.2
        version: 0.23.2(typescript@6.0.3)
      '@rslint/core':
        specifier: ^0.6.5
        version: 0.6.5
      '@rstest/adapter-rslib':
        specifier: ^0.11.0
        version: 0.11.0(@rslib/core@0.23.2(typescript@6.0.3))(@rstest/core@0.11.0)(typescript@6.0.3)
      '@rstest/core':
        specifier: ^0.11.0
        version: 0.11.0
      '@tsconfig/node-lts':
        specifier: ^24.0.0
        version: 24.0.0
      '@types/node':
        specifier: ^26.1.0
        version: 26.1.0
      '@types/three':
        specifier: ^0.185.0
        version: 0.185.0
      dts-bundle-generator:
        specifier: ^9.5.1
        version: 9.5.1
      husky:
        specifier: ^9.1.7
        version: 9.1.7
      lint-staged:
        specifier: ^17.0.8
        version: 17.0.8
      npm-run-all2:
        specifier: ^9.0.2
        version: 9.0.2
      prettier:
        specifier: ^3.9.4
        version: 3.9.4
      three:
        specifier: ^0.185.1
        version: 0.185.1
      typescript:
        specifier: ^6.0.3
        version: 6.0.3

packages:

  '@ast-grep/napi-darwin-arm64@0.37.0':
    resolution: {integrity: sha512-QAiIiaAbLvMEg/yBbyKn+p1gX2/FuaC0SMf7D7capm/oG4xGMzdeaQIcSosF4TCxxV+hIH4Bz9e4/u7w6Bnk3Q==}
    engines: {node: '>= 10'}
    cpu: [arm64]
    os: [darwin]

  '@ast-grep/napi-darwin-x64@0.37.0':
    resolution: {integrity: sha512-zvcvdgekd4ySV3zUbUp8HF5nk5zqwiMXTuVzTUdl/w08O7JjM6XPOIVT+d2o/MqwM9rsXdzdergY5oY2RdhSPA==}
    engines: {node: '>= 10'}
    cpu: [x64]
    os: [darwin]

  '@ast-grep/napi-linux-arm64-gnu@0.37.0':
    resolution: {integrity: sha512-L7Sj0lXy8X+BqSMgr1LB8cCoWk0rericdeu+dC8/c8zpsav5Oo2IQKY1PmiZ7H8IHoFBbURLf8iklY9wsD+cyA==}
    engines: {node: '>= 10'}
    cpu: [arm64]
    os: [linux]
    libc: [glibc]

  '@ast-grep/napi-linux-arm64-musl@0.37.0':
    resolution: {integrity: sha512-LF9sAvYy6es/OdyJDO3RwkX3I82Vkfsng1sqUBcoWC1jVb1wX5YVzHtpQox9JrEhGl+bNp7FYxB4Qba9OdA5GA==}
    engines: {node: '>= 10'}
    cpu: [arm64]
    os: [linux]
    libc: [musl]

  '@ast-grep/napi-linux-x64-gnu@0.37.0':
    resolution: {integrity: sha512-TViz5/klqre6aSmJzswEIjApnGjJzstG/SE8VDWsrftMBMYt2PTu3MeluZVwzSqDao8doT/P+6U11dU05UOgxw==}
    engines: {node: '>= 10'}
    cpu: [x64]
    os: [linux]
    libc: [glibc]

  '@ast-grep/napi-linux-x64-musl@0.37.0':
    resolution: {integrity: sha512-/BcCH33S9E3ovOAEoxYngUNXgb+JLg991sdyiNP2bSoYd30a9RHrG7CYwW6fMgua3ijQ474eV6cq9yZO1bCpXg==}
    engines: {node: '>= 10'}
    cpu: [x64]
    os: [linux]
    libc: [musl]

  '@ast-grep/napi-win32-arm64-msvc@0.37.0':
    resolution: {integrity: sha512-TjQA4cFoIEW2bgjLkaL9yqT4XWuuLa5MCNd0VCDhGRDMNQ9+rhwi9eLOWRaap3xzT7g+nlbcEHL3AkVCD2+b3A==}
    engines: {node: '>= 10'}
    cpu: [arm64]
    os: [win32]

  '@ast-grep/napi-win32-ia32-msvc@0.37.0':
    resolution: {integrity: sha512-uNmVka8fJCdYsyOlF9aZqQMLTatEYBynjChVTzUfFMDfmZ0bihs/YTqJVbkSm8TZM7CUX82apvn50z/dX5iWRA==}
    engines: {node: '>= 10'}
    cpu: [ia32]
    os: [win32]

  '@ast-grep/napi-win32-x64-msvc@0.37.0':
    resolution: {integrity: sha512-vCiFOT3hSCQuHHfZ933GAwnPzmL0G04JxQEsBRfqONywyT8bSdDc/ECpAfr3S9VcS4JZ9/F6tkePKW/Om2Dq2g==}
    engines: {node: '>= 10'}
    cpu: [x64]
    os: [win32]

  '@ast-grep/napi@0.37.0':
    resolution: {integrity: sha512-Hb4o6h1Pf6yRUAX07DR4JVY7dmQw+RVQMW5/m55GoiAT/VRoKCWBtIUPPOnqDVhbx1Cjfil9b6EDrgJsUAujEQ==}
    engines: {node: '>= 10'}

  '@biomejs/biome@2.5.2':
    resolution: {integrity: sha512-VQ3RCqr7JmDIX+w6stWYl+g/3bYofN3q2wDBHUKKc/c7i5QWrFKFBZYCYPWTE6agsUPMIZZe6/CMmVUfUAhkKA==}
    engines: {node: '>=14.21.3'}
    hasBin: true

  '@biomejs/cli-darwin-arm64@2.5.2':
    resolution: {integrity: sha512-e7P3P7EkwFc/KiX2AHw4YDLIBOMfG9CPCAwy52k5Bp0dfhkozx9hf6wCmIr2QeXy2XeccJ3V/Sg+hDmzYEqxSg==}
    engines: {node: '>=14.21.3'}
    cpu: [arm64]
    os: [darwin]

  '@biomejs/cli-darwin-x64@2.5.2':
    resolution: {integrity: sha512-ymzMvjC1Jg0b9K0D26ZdARqFQXs7MocfLC5FOCGfkC0Ss+ACUJkX5364ZM5nT4NLZanHRZNVrZEy+Ibwcvux/g==}
    engines: {node: '>=14.21.3'}
    cpu: [x64]
    os: [darwin]

  '@biomejs/cli-linux-arm64-musl@2.5.2':
    resolution: {integrity: sha512-w+ANG0ZvTu9IeEg9QnstoOnk6L0fpwJifW6aHR18+cb5Z39bkANItYjAfMrnvce5tmMK+IQ6nPX7/kQFdam5iw==}
    engines: {node: '>=14.21.3'}
    cpu: [arm64]
    os: [linux]
    libc: [musl]

  '@biomejs/cli-linux-arm64@2.5.2':
    resolution: {integrity: sha512-t7sseOmqND57uUWTwlawU6BYj+J06T/9EkydzBhkrgw/FK3QVhjU2wsJR0frljrKZ0/I8A/rYw7284QgqjQfIQ==}
    engines: {node: '>=14.21.3'}
    cpu: [arm64]
    os: [linux]
    libc: [glibc]

  '@biomejs/cli-linux-x64-musl@2.5.2':
    resolution: {integrity: sha512-VArNLAzND063tF+XY0yPyM+DyahpzOMzOAvb7qs259nhjJWRjvjZdssuA+Rfl+l07+NOesKZ0Xu2yFrXyBMtzw==}
    engines: {node: '>=14.21.3'}
    cpu: [x64]
    os: [linux]
    libc: [musl]

  '@biomejs/cli-linux-x64@2.5.2':
    resolution: {integrity: sha512-M/lOZrewzTCRDINbjhQ1gYYru37KlD3kJBQwwKCG0ckz5E9IZwIoJ3X0wBwRXA+yBDIwWUuPBHS67HzJY4dTfA==}
    engines: {node: '>=14.21.3'}
    cpu: [x64]
    os: [linux]
    libc: [glibc]

  '@biomejs/cli-win32-arm64@2.5.2':
    resolution: {integrity: sha512-kbjFFKyZlzYnAuw7sRy5qDoFG6zrP40UK08oPQsWK0ct3NMnGSt+Bs1iviEEyEIP57N5MrykGXdO/wRiaR4lww==}
    engines: {node: '>=14.21.3'}
    cpu: [arm64]
    os: [win32]

  '@biomejs/cli-win32-x64@2.5.2':
    resolution: {integrity: sha512-4InchVpdVmdkkkgjQqKpgvyu+VPnoF/7RPSw5YATgEVpt2j72wcCAeV5TwaE9ZGJUZWZn7v2CwSAj6CrMJEx8A==}
    engines: {node: '>=14.21.3'}
    cpu: [x64]
    os: [win32]

  '@dimforge/rapier3d-compat@0.12.0':
    resolution: {integrity: sha512-uekIGetywIgopfD97oDL5PfeezkFpNhwlzlaEYNOA0N6ghdsOvh/HYjSMek5Q2O1PYvRSDFcqFVJl4r4ZBwOow==}

  '@emnapi/core@1.11.1':
    resolution: {integrity: sha512-RSvbQmHzdKzNsLYa/wHrbc3KN4sYLKAdPZxqiM2HATqv/SBk2/ENSHpvXGaLOMcsAyz0poEGqkmmKYG3OWiJEQ==}

  '@emnapi/runtime@1.11.1':
    resolution: {integrity: sha512-vgj7R3y3Wgx24IQaGPA/R6YFXLHVMOZ0uVEyIQPaWs+rd1AzfEMXlAC22FYwO1XkKR6NPsq7mUandH8oIRdZFw==}

  '@emnapi/wasi-threads@1.2.2':
    resolution: {integrity: sha512-c95qOXkHdydNKhscBTebqEC1CVAZpyqOfVfBzQ1qgzyl3gfeldUjIggDbIZgDKsHLgnsM+igH7TJ/eAasaVuMA==}

  '@napi-rs/wasm-runtime@1.1.6':
    resolution: {integrity: sha512-ZLv/JdUfkvOy9eCnnBaGfiO+XimbjebAeO+MRQqD/B+FR1tnRN0tpKSJHRbE8sFfS6aqsXZ67TQjfwfsxULVbg==}
    peerDependencies:
      '@emnapi/core': ^1.7.1
      '@emnapi/runtime': ^1.7.1

  '@rsbuild/core@2.1.4':
    resolution: {integrity: sha512-kdubx/qB6tXduCdqaW78OULLZJ3ludpuA4mOkDko18THsI1rUy9U34DsaDSnotE8GAvTeme+FX9MnqLEUlg8kQ==}
    engines: {node: ^20.19.0 || >=22.12.0}
    hasBin: true
    peerDependencies:
      core-js: '>= 3.0.0'
    peerDependenciesMeta:
      core-js:
        optional: true

  '@rsbuild/core@2.1.5':
    resolution: {integrity: sha512-7TW4U1SH7VxQZzSTIOzvwj5lo9uNTmGpsmTXFr4axQAE4giLDKP3kVUA1ZW4P3/Mz4QQJJyvZP29mVcb8kZCfg==}
    engines: {node: ^20.19.0 || >=22.12.0}
    hasBin: true
    peerDependencies:
      core-js: '>= 3.0.0'
    peerDependenciesMeta:
      core-js:
        optional: true

  '@rslib/core@0.23.2':
    resolution: {integrity: sha512-KxSp+/y0BJ1O4oKwxX4ydBY7/ZVeJCUpWAmQniCIct8mTxIQFPGO/ibKbKq2IxZYqRuRpM8g+Dtyq0VbEQf9HQ==}
    engines: {node: ^20.19.0 || >=22.12.0}
    hasBin: true
    peerDependencies:
      '@microsoft/api-extractor': ^7
      typescript: ^5 || ^6 || ^7.0.1-0
    peerDependenciesMeta:
      '@microsoft/api-extractor':
        optional: true
      typescript:
        optional: true

  '@rslint/core@0.6.5':
    resolution: {integrity: sha512-BAy65hSKOhHrma20Rxqf1DTyGNYBSQGBeo21JKc0bgHzbkTbUcyPSz6EpdI3woDe0HqwGmOsl/tPTGqKvgsz3g==}
    hasBin: true
    peerDependencies:
      jiti: ^2.0.0
    peerDependenciesMeta:
      jiti:
        optional: true

  '@rslint/native-darwin-arm64@0.6.5':
    resolution: {integrity: sha512-5HDBqR1XgZ29pNEjSnm/YccWpwEWEl9d8rUQZkbDUz3x2VWylfok8Ty1qjDHVAas1k01euMS1YJA4/nku9N0Iw==}
    cpu: [arm64]
    os: [darwin]

  '@rslint/native-darwin-x64@0.6.5':
    resolution: {integrity: sha512-YU8w9N7NbBBDZ/B8nsmZmVLL5A40AnUxsywsCvDT6nPUhEqHJvCbwze5LHQFT4RvhJEfC/ye/7pqL59SnKN5tA==}
    cpu: [x64]
    os: [darwin]

  '@rslint/native-linux-arm64-gnu@0.6.5':
    resolution: {integrity: sha512-IGt5Op5dKO9ZbI9vOjZrgBnAM3QfT/X7PNjUVmYYso8OvseapzQv0E6D8qgTJVrN5874VWBwXgc7a/cylYR6IA==}
    cpu: [arm64]
    os: [linux]
    libc: [glibc]

  '@rslint/native-linux-arm64-musl@0.6.5':
    resolution: {integrity: sha512-cywsTmLudo4a6Rlp4bsriS9QF4n0aMZc25ArgxB/j3sIzHSREIoNdUYx1VHz7pOUJy2W5wmNfHIVWb+uz6R6eA==}
    cpu: [arm64]
    os: [linux]
    libc: [musl]

  '@rslint/native-linux-x64-gnu@0.6.5':
    resolution: {integrity: sha512-4/d3jkZQ0lnf1GtiB0WCLoXfMCPxD04mihVNWmC2qNj5JF8OKTg9tKbfpwZNjJDDVK0noj9JiynQGhVUZCMNDQ==}
    cpu: [x64]
    os: [linux]
    libc: [glibc]

  '@rslint/native-linux-x64-musl@0.6.5':
    resolution: {integrity: sha512-uz0q2MBm+iAbe+ecFA3JKsmlN12DWxNQYF0wHn81kpF5QPMlM62xsYFLHIs4ER7FtC2oR3SOtCcWsyIGRCiBxQ==}
    cpu: [x64]
    os: [linux]
    libc: [musl]

  '@rslint/native-win32-arm64-msvc@0.6.5':
    resolution: {integrity: sha512-bud+61vGaVBO1ykKvaM1vtPILQi0cl5nad0DboBmo4EtEykbZyapZ3aM/g8NV/ldJmkNaFQdwuXcrdfA9+d7Vg==}
    cpu: [arm64]
    os: [win32]

  '@rslint/native-win32-x64-msvc@0.6.5':
    resolution: {integrity: sha512-7iQozrpTvh/Vj7x5jTYaG+9zKWJkiXz0PgemFNUMIXLCZHWsJffPy7D1ls5q2Rfe6hshFJ9d6UxGk1KmLpZQiw==}
    cpu: [x64]
    os: [win32]

  '@rspack/binding-darwin-arm64@2.1.2':
    resolution: {integrity: sha512-IYcxareUOYJZz+uNMSIwn+iDRiVyjZNOjoxO/zL4OFaPK8Ncrw0ka/9DqL9Gd7OpnAXN1zK3uS8yD0O1yIYI3Q==}
    cpu: [arm64]
    os: [darwin]

  '@rspack/binding-darwin-arm64@2.1.3':
    resolution: {integrity: sha512-oOGI0RSL89Ehu9T22rugmfUY9OC2eBqLMeWRYsu7bhlUrjoXeVfGBBSEXCse666BQ1sAiM8hD/k7nqVria/okQ==}
    cpu: [arm64]
    os: [darwin]

  '@rspack/binding-darwin-x64@2.1.2':
    resolution: {integrity: sha512-aoifkILvx/XEHyvg8yW57xu95nx7f9f/3ah1+RguHSNKcJMcoCep9VX1Ct1N0ftqg8MC0JUObc7xWL5W14hmjA==}
    cpu: [x64]
    os: [darwin]

  '@rspack/binding-darwin-x64@2.1.3':
    resolution: {integrity: sha512-sVqWXNiFTMXAyN362y6IA+eJc8LXZKfHdhEJ/zDuMmRp+u2IvhgaF8tk3vX/OmeB9jydVjySijuiqk8No/FoCA==}
    cpu: [x64]
    os: [darwin]

  '@rspack/binding-linux-arm64-gnu@2.1.2':
    resolution: {integrity: sha512-My4m40tyJSgiCEf3bB2KIEX710q3nZg99LIjy+8Zxgi3oZTkg1bFmFRusFU5U4eN5408zfSqDDGvjDE3Yv7o4w==}
    cpu: [arm64]
    os: [linux]
    libc: [glibc]

  '@rspack/binding-linux-arm64-gnu@2.1.3':
    resolution: {integrity: sha512-aCy9Zli/2Qf+Ee5otXfFQ6mhv5fEyn0wIoBVmouqtJoqOO21et6UTtJ+LHLsMDolwGLyHERAljeSFSmYX3/O5A==}
    cpu: [arm64]
    os: [linux]
    libc: [glibc]

  '@rspack/binding-linux-arm64-musl@2.1.2':
    resolution: {integrity: sha512-yt+GGWUH7WPE8K97cRc8OpZhH7Pbj1vU+lkvKbDtF/rR8X9a/bJsA/nBqyUV2oBKOVbrp5I8rFZlnDskMqgvKw==}
    cpu: [arm64]
    os: [linux]
    libc: [musl]

  '@rspack/binding-linux-arm64-musl@2.1.3':
    resolution: {integrity: sha512-flIE7eluz0d21Fn28EVm3vPwoJooOSqtmjLFVSuOMcoCbwV9clfor195oIrAppp/W7dL/3XquFuVfrsa01Jy8Q==}
    cpu: [arm64]
    os: [linux]
    libc: [musl]

  '@rspack/binding-linux-riscv64-gnu@2.1.2':
    resolution: {integrity: sha512-uys8Jyw8Z3ralvICbN/L/nZfy5qELIwpOY72rhIqhoDYwFcL4fmMaY7WsvUcJOjCB2rqOcWPaWKuF2oPvo9iDQ==}
    cpu: [riscv64]
    os: [linux]
    libc: [glibc]

  '@rspack/binding-linux-riscv64-gnu@2.1.3':
    resolution: {integrity: sha512-yojg8elye1nhsNeGncw0NrZ4pMGF7NVebR80CLg72TXyzfYwFJlFTdU5yUYb1Gy+JXIvrSCwzQt2QkyiEvmkfg==}
    cpu: [riscv64]
    os: [linux]
    libc: [glibc]

  '@rspack/binding-linux-riscv64-musl@2.1.2':
    resolution: {integrity: sha512-JYNVQwqCaRGQWvjHQYzZkIzQiwllMaJwh4Rdu3ww6W2OJcJUqT08sL1pkOtU0iCxT4VUYiRRcp93VGTGpHr8fg==}
    cpu: [riscv64]
    os: [linux]
    libc: [musl]

  '@rspack/binding-linux-riscv64-musl@2.1.3':
    resolution: {integrity: sha512-6PvbXb3FOK4X3S5QGvoSW/sqExmsvAoPnQ/YSFrXvTphkXFezA7wnobmGBHT8JQP31hcFRzJHIZSIOKktzSzzg==}
    cpu: [riscv64]
    os: [linux]
    libc: [musl]

  '@rspack/binding-linux-x64-gnu@2.1.2':
    resolution: {integrity: sha512-KDoPy0Msf/JLhxgPPrJQzZeB4Qpqd32em8AP5lSW2s6jR5I35dHgAe9xc2A++EQtnSrU4GTn6DBvFC7q84SihQ==}
    cpu: [x64]
    os: [linux]
    libc: [glibc]

  '@rspack/binding-linux-x64-gnu@2.1.3':
    resolution: {integrity: sha512-lMXjoGKf0SnviH596fmTszgtnXLHmWOoE90G8grG9MvKVa3pelRmfps5ewZL9s8ENf3NXRfOxIhIf/M9as6MqA==}
    cpu: [x64]
    os: [linux]
    libc: [glibc]

  '@rspack/binding-linux-x64-musl@2.1.2':
    resolution: {integrity: sha512-66hWmIGvn4zCKAYXJE9Bp5SNSLYnLFq2Ke/efE+ZtWy43Dd5vk9AAOmThVGBwdwmIxmGtHGCp+cAuS4G0wu0TA==}
    cpu: [x64]
    os: [linux]
    libc: [musl]

  '@rspack/binding-linux-x64-musl@2.1.3':
    resolution: {integrity: sha512-0esT35v7pW2ZsJTMc/zDUHwpNXlPqyUCyuiLJvrAAUcdENrgOVe4DmFrgVJ2hwqI4GjeN1VBnGRJ8c+edAHH5w==}
    cpu: [x64]
    os: [linux]
    libc: [musl]

  '@rspack/binding-wasm32-wasi@2.1.2':
    resolution: {integrity: sha512-EB4SqH8DW/E/OmqssNQvnIVGQiVUyYNlA/pcc6Ia4MlTNwu6eNDppcNLrToH+kSZpL4CpHSFfSM3eIsSuar2Rw==}
    cpu: [wasm32]

  '@rspack/binding-wasm32-wasi@2.1.3':
    resolution: {integrity: sha512-UsrDjD59UEP0mhfN/Z+uTc3vLgiUvIr+mn92WC1sbQi9gtZohTYvaQYFhWuMkBqsACGcmZp704JAbbSrVrVYCA==}
    cpu: [wasm32]

  '@rspack/binding-win32-arm64-msvc@2.1.2':
    resolution: {integrity: sha512-T6Fs/g32MRja/UpCq4AdyPRj8tA0cOkcEa4PrAcn/ztUgK8b/qMVxj5mhMI+n7k+kHZQnpeB1Q4HqdSJi6OocA==}
    cpu: [arm64]
    os: [win32]

  '@rspack/binding-win32-arm64-msvc@2.1.3':
    resolution: {integrity: sha512-42RS/SwKBTkNvXIPZXqTn0yEFN8zwGRfRe/ly0GDvPp/KxpLMFWxJmLxgtoLompU+0UCGvV4KpcBENt3oWs6BA==}
    cpu: [arm64]
    os: [win32]

  '@rspack/binding-win32-ia32-msvc@2.1.2':
    resolution: {integrity: sha512-OtxkFVz14mVL4QK8QriSELn9B6PaYGHw1jGJwVDEzpu2ZxSHCTQPz9dVE1ekYtREEqZUkRU7Fp7VfhJSmjTt2Q==}
    cpu: [ia32]
    os: [win32]

  '@rspack/binding-win32-ia32-msvc@2.1.3':
    resolution: {integrity: sha512-thk43H1JHHbetNF3txcsGXeOwZi2m6Luf/uVUqNORXjxr5VV8woHAgaAx4QXVZRg70z1VDjd8mBWnHBnKI0FGA==}
    cpu: [ia32]
    os: [win32]

  '@rspack/binding-win32-x64-msvc@2.1.2':
    resolution: {integrity: sha512-Am+nx9fLF3nzgD/K05Bs1Bb+WO8SFLWAYRbXkymaL1r+RQxjRj7jd5ap2PhGOCcfaNA4yVWkAFvmFP92eRu7bQ==}
    cpu: [x64]
    os: [win32]

  '@rspack/binding-win32-x64-msvc@2.1.3':
    resolution: {integrity: sha512-ObaUcj+BHo/aBL1weyM3orApaHyAR5Phr3YNEpQEifxjZbNKM1iO5X5prN4OqEv3H+7o5e/Wh9Fy3N7Vvd+psA==}
    cpu: [x64]
    os: [win32]

  '@rspack/binding@2.1.2':
    resolution: {integrity: sha512-/mFcRSUW7Pl19KeaBIujJvZYNJQu0wD5D3aa5h+Qcph26v7nmLYlX7eajIHGi8tt2qTZX1lXifw2KLIXKwYaRQ==}

  '@rspack/binding@2.1.3':
    resolution: {integrity: sha512-4UGXJqUHmm36tWG1GgFZz3p8sQ5JuSgWI+gq1xPPoihS41uYJL3cXuJnirTeWsmVrusmYZTQhgU3tl3VYGcJYg==}

  '@rspack/core@2.1.2':
    resolution: {integrity: sha512-crpNQKhHfnzrIl4Sa4fjH30Ho5aAPgyqpmJZ41SkUFOzyKHdZKYfE5LF3CMh7MiFQFPPxiiKf5BcpxmtZZx4MQ==}
    engines: {node: ^20.19.0 || >=22.12.0}
    peerDependencies:
      '@module-federation/runtime-tools': ^0.24.1 || ^2.0.0
      '@swc/helpers': ^0.5.23
    peerDependenciesMeta:
      '@module-federation/runtime-tools':
        optional: true
      '@swc/helpers':
        optional: true

  '@rspack/core@2.1.3':
    resolution: {integrity: sha512-1iGnxLrP+iyY0ZSjLZeQTaxrISpQz4yLyqJPmaF/l4uw27/dBcrloszAeLOJQ9jiv7EJtU0T5zB+LOFPpivIxA==}
    engines: {node: ^20.19.0 || >=22.12.0}
    peerDependencies:
      '@module-federation/runtime-tools': ^0.24.1 || ^2.0.0
      '@swc/helpers': ^0.5.23
    peerDependenciesMeta:
      '@module-federation/runtime-tools':
        optional: true
      '@swc/helpers':
        optional: true

  '@rstest/adapter-rslib@0.11.0':
    resolution: {integrity: sha512-xouLiDYOd79jWORVMcyhFcIOtaqgfFGDHNjLab6+Ni6uzXmi47VuB3zgxV2rZHPBtOvTg50DGuc//qZUhs7Dng==}
    peerDependencies:
      '@rslib/core': '>=0.18.6'
      '@rstest/core': ^0.11.0
      typescript: ^5 || ^6
    peerDependenciesMeta:
      typescript:
        optional: true

  '@rstest/core@0.11.0':
    resolution: {integrity: sha512-buy6EV9R6d0O9WMOSG0C91jwMcNYDw4Q0uFQNuwPpQLH85rTlVyuUM7EnEnvVGv5lG6dpgGwNTdRWx6mvWybag==}
    engines: {node: ^20.19.0 || >=22.12.0}
    hasBin: true
    peerDependencies:
      happy-dom: ^20.8.3
      jsdom: '*'
    peerDependenciesMeta:
      happy-dom:
        optional: true
      jsdom:
        optional: true

  '@swc/helpers@0.5.23':
    resolution: {integrity: sha512-5lSsMOTXURePglDfvuAQUqkGek9Hg2kksOYay2m0+XR++b2NWYL/4sWyuvVBIs8oKnJaxkdi9whaL/sqN13afw==}

  '@thi.ng/api@8.12.27':
    resolution: {integrity: sha512-M4KwSDQdIlUvFsudM54wP4WnCMAAebc3DeqafRAJkvHSoKSufpnVnchwAWT9ZGMXvc0BnCgjp4woBiBE6eZunA==}
    engines: {node: '>=18'}

  '@thi.ng/arrays@2.14.24':
    resolution: {integrity: sha512-jSaafL9m+dZGcf4Vm4EcVi7Xf45IWQzK7c4Mm5HQLxiJj6SuPodV5QQGdQ4UH+A+kyNkZlMXFK2UcdkAqv/gRw==}
    engines: {node: '>=18'}

  '@thi.ng/binary@3.6.16':
    resolution: {integrity: sha512-N+5xoy0hb6Hz9YxSGX+YcRTqjaVG/FYfExAvuPD9YDkXxHu5MxRWXb0pn8NNDoIAbbtD/922mEEDip01dkmXkw==}
    engines: {node: '>=18'}

  '@thi.ng/checks@3.10.1':
    resolution: {integrity: sha512-824K6opNxMY0+ZDBHipFXgVEzARX/C/OwcAIJc02vZ/JdawuxxL6HVpOST3beQtco8zr5UQDs6Pl+F3GNSBdVA==}
    engines: {node: '>=18'}

  '@thi.ng/colored-noise@1.0.137':
    resolution: {integrity: sha512-jpVAkPJuKpXTb9C6s6ndiTvnwzzUp/3ava8iN6ghRX7xz2YszYnSe6pCN2gq78Sj2qx8vbs/BAKo2ZWqxTspTA==}
    engines: {node: '>=18'}

  '@thi.ng/compare@2.5.15':
    resolution: {integrity: sha512-hPQs2z/I3Ivdw/qexT1fzRRjXKAbNQLz9kA7eVl4j8hi/S87vLPZrJfWSnnUp2Pwv5FVmsUt6YgfxRENYZGB4Q==}
    engines: {node: '>=18'}

  '@thi.ng/compose@3.0.64':
    resolution: {integrity: sha512-eMjTnJg8cYHueIHi1qTcpBGpzHf+qcfzbd2MO7oMntaGAgKUWcK8F+HBCz/7o9GGLhIRnZqaz0Ro8mWY4MqYuw==}
    engines: {node: '>=18'}

  '@thi.ng/equiv@2.1.116':
    resolution: {integrity: sha512-aX8phyg5KZCUcsIlhU1nFgyNbW16Q5uya8Ys3YkOHMmadnhbdQMES8u9kGUcJhBghM1OyJwzKmuBNOvEMli/jg==}
    engines: {node: '>=18'}

  '@thi.ng/errors@2.6.16':
    resolution: {integrity: sha512-a7Lv/G0La5eTNUEIyLldpeYziyFSj3rOlWNeXFu8v+ZSb8w8EnQ/L0r0sKHux7Ru6RhUkAXrcaHU7xd1ZkWovA==}
    engines: {node: '>=18'}

  '@thi.ng/math@5.15.16':
    resolution: {integrity: sha512-l+KKT/ps32G8U6fy1Luhms5Rflz7TY4sfriu1kUzwdEbGhCDFXE2pDe4CmHm1hsqU8Ps+8sgJTFDayUKYWzVtA==}
    engines: {node: '>=18'}

  '@thi.ng/random@4.1.53':
    resolution: {integrity: sha512-EbWxE8WRkqrJgGyngwb/sRDYic6ArPko1j8cOWJqfXK5QEGQRZRvS+JEQRrsAxf+p+jQpKTUN3A/cLGyC+dVtA==}
    engines: {node: '>=18'}

  '@thi.ng/timestamp@1.1.46':
    resolution: {integrity: sha512-2rgZJoSJnUTERhBo2zptvNO1l1fxLEUpYxDJIOt6+tZ64ZzX4lGONlwtYO2Q0NQYT5bG8vk+jgqsPiVDnXCWZg==}
    engines: {node: '>=18'}

  '@thi.ng/transducers@9.6.41':
    resolution: {integrity: sha512-1995PFGVqjmD9WqW8J/c0ZXiWi+g7hs/BOv4TyNY4wrxgD21Xyvuna0zSX5STY9qs1qHIxSSLQbM0pmOsifOcw==}
    engines: {node: '>=18'}

  '@tsconfig/node-lts@24.0.0':
    resolution: {integrity: sha512-8mSTqWwCd6aQpvxSrpQlMoA9RiUZSs7bYhL5qsLXIIaN9HQaINeoydrRu/Y7/fws4bvfuyhs0BRnW9/NI8tySg==}

  '@tweenjs/tween.js@23.1.3':
    resolution: {integrity: sha512-vJmvvwFxYuGnF2axRtPYocag6Clbb5YS7kLL+SO/TeVFzHqDIWrNKYtcsPMibjDx9O+bu+psAy9NKfWklassUA==}

  '@tybys/wasm-util@0.10.3':
    resolution: {integrity: sha512-F3fo1MYrRJYL3zER0OUOmkutjr1Vp23m7OsSgp7nq4SP6OqX6C/56XFIPAl5bt3zaBRjmW7SGz3u/6LwFpYcOg==}

  '@types/chai@5.2.3':
    resolution: {integrity: sha512-Mw558oeA9fFbv65/y4mHtXDs9bPnFMZAL/jxdPFUpOHHIXX91mcgEHbS5Lahr+pwZFR8A7GQleRWeI6cGFC2UA==}

  '@types/deep-eql@4.0.2':
    resolution: {integrity: sha512-c9h9dVVMigMPc4bwTvC5dxqtqJZwQPePsWjPlpSOnojbor6pGqdk541lfA7AqFQr5pB1BRdq0juY9db81BwyFw==}

  '@types/node@26.1.0':
    resolution: {integrity: sha512-O0A1G3xPGy4w7AgQdAQYUlQ+BKk2Oovw8eRpofyp5KdBZULnbe+WqaOVNrm705SHphCiG4XHsACrSmPu1f+Kgw==}

  '@types/stats.js@0.17.4':
    resolution: {integrity: sha512-jIBvWWShCvlBqBNIZt0KAshWpvSjhkwkEu4ZUcASoAvhmrgAUI2t1dXrjSL4xXVLB4FznPrIsX3nKXFl/Dt4vA==}

  '@types/three@0.185.0':
    resolution: {integrity: sha512-O2Uy8Cj4Nonr8dWUUbifMdPe8B0Mq7EdOHb89S4+kjUw/KhbjTZrUuYlrQ1bpUKG+EP9QJnN7qNxbHGlGoLHMA==}

  '@types/webxr@0.5.24':
    resolution: {integrity: sha512-h8fgEd/DpoS9CBrjEQXR+dIDraopAEfu4wYVNY2tEPwk60stPWhvZMf4Foo5FakuQ7HFZoa8WceaWFervK2Ovg==}

  ansi-escapes@7.3.0:
    resolution: {integrity: sha512-BvU8nYgGQBxcmMuEeUEmNTvrMVjJNSH7RgW24vXexN4Ven6qCvy4TntnvlnwnMLTVlcRQQdbRY8NKnaIoeWDNg==}
    engines: {node: '>=18'}

  ansi-regex@5.0.1:
    resolution: {integrity: sha512-quJQXlTSUGL2LH9SUXo8VwsY4soanhgo6LNSm84E1LBcE8s3O0wpdiRzyR9z/ZZJMlMWv37qOOb9pdJlMUEKFQ==}
    engines: {node: '>=8'}

  ansi-regex@6.2.2:
    resolution: {integrity: sha512-Bq3SmSpyFHaWjPk8If9yc6svM8c56dB5BAtW4Qbw5jHTwwXXcTLoRMkpDJp6VL0XzlWaCHTXrkFURMYmD0sLqg==}
    engines: {node: '>=12'}

  ansi-styles@4.3.0:
    resolution: {integrity: sha512-zbB9rCJAT1rbjiVDb2hqKFHNYLxgtk8NURxZ3IZwD3F6NtxbXZQCnnSi1Lkx+IDohdPlFp222wVALIheZJQSEg==}
    engines: {node: '>=8'}

  ansi-styles@6.2.3:
    resolution: {integrity: sha512-4Dj6M28JB+oAH8kFkTLUo+a2jwOFkuqb3yucU0CANcRRUbxS0cP0nZYCGjcc3BNXwRIsUVmDGgzawme7zvJHvg==}
    engines: {node: '>=12'}

  assertion-error@2.0.1:
    resolution: {integrity: sha512-Izi8RQcffqCeNVgFigKli1ssklIbpHnCYc6AknXGYoB6grJqyeby7jv12JUQgmTAnIDnbck1uxksT4dzN3PWBA==}
    engines: {node: '>=12'}

  cli-cursor@5.0.0:
    resolution: {integrity: sha512-aCj4O5wKyszjMmDT4tZj93kxyydN/K5zPWSCe6/0AV/AA1pqe5ZBIw0a2ZfPQV7lL5/yb5HsUreJ6UFAF1tEQw==}
    engines: {node: '>=18'}

  cli-truncate@5.2.0:
    resolution: {integrity: sha512-xRwvIOMGrfOAnM1JYtqQImuaNtDEv9v6oIYAs4LIHwTiKee8uwvIi363igssOC0O5U04i4AlENs79LQLu9tEMw==}
    engines: {node: '>=20'}

  cliui@8.0.1:
    resolution: {integrity: sha512-BSeNnyus75C4//NQ9gQt1/csTXyo/8Sb+afLAkzAptFuMsod9HFokGNudZpi/oQV73hnVK+sR+5PVRMd+Dr7YQ==}
    engines: {node: '>=12'}

  color-convert@2.0.1:
    resolution: {integrity: sha512-RRECPsj7iu/xb5oKYcsFHSppFNnsj/52OVTRKb4zP5onXwVF3zVmmToNcOfGC+CRDpfK/U584fMg38ZHCaElKQ==}
    engines: {node: '>=7.0.0'}

  color-name@1.1.4:
    resolution: {integrity: sha512-dOy+3AuW3a2wNbZHIuMZpTcgjGuLU/uBL/ubcZF9OXbDo8ff4O8yVp5Bf0efS8uEoYo5q4Fx7dY9OgQGXgAsQA==}

  cross-spawn@7.0.6:
    resolution: {integrity: sha512-uV2QOWP2nWzsy2aMp8aRibhi9dlzF5Hgh5SHaB9OiTGEyDTiJJyx0uy51QXdyWbtAHNua4XJzUKca3OzKUd3vA==}
    engines: {node: '>= 8'}

  dts-bundle-generator@9.5.1:
    resolution: {integrity: sha512-DxpJOb2FNnEyOzMkG11sxO2dmxPjthoVWxfKqWYJ/bI/rT1rvTMktF5EKjAYrRZu6Z6t3NhOUZ0sZ5ZXevOfbA==}
    engines: {node: '>=14.0.0'}
    hasBin: true

  emoji-regex@10.6.0:
    resolution: {integrity: sha512-toUI84YS5YmxW219erniWD0CIVOo46xGKColeNQRgOzDorgBi1v4D71/OFzgD9GO2UGKIv1C3Sp8DAn0+j5w7A==}

  emoji-regex@8.0.0:
    resolution: {integrity: sha512-MSjYzcWNOA0ewAHpz0MxpYFvwg6yjy1NG3xteoqz644VCo/RPgnr1/GGt+ic3iJTzQ8Eu3TdM14SawnVUmGE6A==}

  environment@1.1.0:
    resolution: {integrity: sha512-xUtoPkMggbz0MPyPiIWr1Kp4aeWJjDZ6SMvURhimjdZgsRuDplF5/s9hcgGhyXMhs+6vpnuoiZ2kFiu3FMnS8Q==}
    engines: {node: '>=18'}

  escalade@3.2.0:
    resolution: {integrity: sha512-WUj2qlxaQtO4g6Pq5c29GTcWGDyd8itL8zTlipgECz3JesAiiOKotd8JU6otB3PACgG6xkJUyVhboMS+bje/jA==}
    engines: {node: '>=6'}

  eventemitter3@5.0.4:
    resolution: {integrity: sha512-mlsTRyGaPBjPedk6Bvw+aqbsXDtoAyAzm5MO7JgU+yVRyMQ5O8bD4Kcci7BS85f93veegeCPkL8R4GLClnjLFw==}

  fflate@0.8.3:
    resolution: {integrity: sha512-tbZNuJrLwGUp3zshBtdy4W+ORxZuIh8a5ilyIEQDC5rY1f3U20JMry0Ll3WBzU58EZKsEuJFXhb5gwv8CsPvgA==}

  get-caller-file@2.0.5:
    resolution: {integrity: sha512-DyFP3BM/3YHTQOCUL/w0OZHR0lpKeGrxotcHWcqNEdnltqFwXVfhEBQ94eIo34AfQpo0rGki4cyIiftY06h2Fg==}
    engines: {node: 6.* || 8.* || >= 10.*}

  get-east-asian-width@1.6.0:
    resolution: {integrity: sha512-QRbvDIbx6YklUe6RxeTeleMR0yv3cYH6PsPZHcnVn7xv7zO1BHN8r0XETu8n6Ye3Q+ahtSarc3WgtNWmehIBfA==}
    engines: {node: '>=18'}

  husky@9.1.7:
    resolution: {integrity: sha512-5gs5ytaNjBrh5Ow3zrvdUUY+0VxIuWVL4i9irt6friV+BqdCfmV11CQTWMiBYWHbXhco+J1kHfTOUkePhCDvMA==}
    engines: {node: '>=18'}
    hasBin: true

  is-fullwidth-code-point@3.0.0:
    resolution: {integrity: sha512-zymm5+u+sCsSWyD9qNaejV3DFvhCKclKdizYaJUuHA83RLjb7nSuGnddCHGv0hk+KY7BMAlsWeK4Ueg6EV6XQg==}
    engines: {node: '>=8'}

  is-fullwidth-code-point@5.1.0:
    resolution: {integrity: sha512-5XHYaSyiqADb4RnZ1Bdad6cPp8Toise4TzEjcOYDHZkTCbKgiUl7WTUCpNWHuxmDt91wnsZBc9xinNzopv3JMQ==}
    engines: {node: '>=18'}

  isexe@2.0.0:
    resolution: {integrity: sha512-RHxMLp9lnKHGHRng9QFhRCMbYAcVpn69smSGcq3f36xjgVVWThj4qqLbTLlq7Ssj8B+fIQ1EuCEGI2lKsyQeIw==}

  isexe@4.0.0:
    resolution: {integrity: sha512-FFUtZMpoZ8RqHS3XeXEmHWLA4thH+ZxCv2lOiPIn1Xc7CxrqhWzNSDzD+/chS/zbYezmiwWLdQC09JdQKmthOw==}
    engines: {node: '>=20'}

  json-parse-even-better-errors@6.0.0:
    resolution: {integrity: sha512-2/8adwnK1/+Fdjyts4r6wSpfANWw8zdNhU9U/Llk59c6O+DjSisPWPykwoL8gZmocP9Dy64S7oie2g+Mia123A==}
    engines: {node: ^22.22.2 || ^24.15.0 || >=26.0.0}

  lint-staged@17.0.8:
    resolution: {integrity: sha512-B2P/d+jVW0UXOQ0MVMLrB/9ydA1P+zz6jYfdrbbEd9ur3S2rcbduFWKiUCC02Sm5hbC8nrm7y24WuYMG54HfxA==}
    engines: {node: '>=22.22.1'}
    hasBin: true

  listr2@10.2.2:
    resolution: {integrity: sha512-JtNtbZj8q5BnDMR7trpwvwk3RIrANtIVzEUm8w7amp6xelLgyuq+4WZoTH913XaQAoH/cNdYhaNzBPA2U3xbDw==}
    engines: {node: '>=22.13.0'}

  log-update@6.1.0:
    resolution: {integrity: sha512-9ie8ItPR6tjY5uYJh8K/Zrv/RMZ5VOlOWvtZdEHYSTFKZfIBPQa9tOAEeAWhd+AnIneLJ22w5fjOYtoutpWq5w==}
    engines: {node: '>=18'}

  memorystream@0.3.1:
    resolution: {integrity: sha512-S3UwM3yj5mtUSEfP41UZmt/0SCoVYUcU1rkXv+BQ5Ig8ndL4sPoJNBUJERafdPb5jjHJGuMgytgKvKIf58XNBw==}
    engines: {node: '>= 0.10.0'}

  meshoptimizer@1.1.1:
    resolution: {integrity: sha512-oRFNWJRDA/WTrVj7NWvqa5HqE1t9MYDj2VaWirQCzCCrAd2GHrqR/sQezCxiWATPNlKTcRaPRHPJwIRoPBAp5g==}

  mimic-function@5.0.1:
    resolution: {integrity: sha512-VP79XUPxV2CigYP3jWwAUFSku2aKqBH7uTAapFWCBqutsbmDo96KY5o8uh6U+/YSIn5OxJnXp73beVkpqMIGhA==}
    engines: {node: '>=18'}

  npm-normalize-package-bin@6.0.0:
    resolution: {integrity: sha512-tdt4aFn9QamlhdN3HV2D2ccpBwO5/fyjjbXUxYA6uBjyekMZcZvDq0aSj9t5Jo+tih6AYFnt/cuIRn9013e0Uw==}
    engines: {node: ^22.22.2 || ^24.15.0 || >=26.0.0}

  npm-run-all2@9.0.2:
    resolution: {integrity: sha512-+dd4SO2jAlLE06OzmJKzIe6QvvjXezcbmobnh8usR0a8BzQCABTdqTXqVPji0ICOhSQpIIrkGd7IzNl5iDaRSA==}
    engines: {node: ^22.22.2 || ^24.15.0 || >=26.0.0, npm: '>= 10'}
    hasBin: true

  onetime@7.0.0:
    resolution: {integrity: sha512-VXJjc87FScF88uafS3JllDgvAm+c/Slfz06lorj2uAY34rlUu0Nt+v8wreiImcrgAjjIHp1rXpTDlLOGw29WwQ==}
    engines: {node: '>=18'}

  path-key@3.1.1:
    resolution: {integrity: sha512-ojmeN0qd+y0jszEtoY48r0Peq5dwMEkIlCOu6Q5f41lfkswXuKtYrhgoTpLnyIcHm24Uhqx+5Tqm2InSwLhE6Q==}
    engines: {node: '>=8'}

  picomatch@4.0.4:
    resolution: {integrity: sha512-QP88BAKvMam/3NxH6vj2o21R6MjxZUAd6nlwAS/pnGvN9IVLocLHxGYIzFhg6fUQ+5th6P4dv4eW9jX3DSIj7A==}
    engines: {node: '>=12'}

  picomatch@4.0.5:
    resolution: {integrity: sha512-RvwwcruNjI1ncT5xRakeyS9Lf8lcItv34KD+aif+VH9kduAyfYBipGh12274xtenIPZ119/R9BdTBa8gAwSh0A==}
    engines: {node: '>=12'}

  pidtree@1.0.0:
    resolution: {integrity: sha512-avfAvjB9Dd0wdj3rjJX//yS+G79OO0KrS5pJHFJENjYGX6N4SMgEDBBI/yFy0lloOYSaC6XQxzpOAMPfSYFV/Q==}
    engines: {node: '>=18'}
    hasBin: true

  prettier@3.9.4:
    resolution: {integrity: sha512-yWG/o/4oJfo036EKAfK6ACAoDOfHeRHx4tuxkfBZiauURiaSmYwlpOr5LQqKtIkRD2z1PLteme2WoxEnj4tHTg==}
    engines: {node: '>=14'}
    hasBin: true

  read-package-json-fast@6.0.0:
    resolution: {integrity: sha512-PNaGjoCnw9DBA2Kl8D+8po957z778q/HOPuY2u3Bkw/JO3eC8MDx7jn/PgMtSgpcBbs+6UOjDbwReGpXmRvs0g==}
    engines: {node: ^22.22.2 || ^24.15.0 || >=26.0.0}

  require-directory@2.1.1:
    resolution: {integrity: sha512-fGxEI7+wsG9xrvdjsrlmL22OMTTiHRwAMroiEeMgq8gzoLC/PQr7RsRDSTLUg/bZAZtF+TVIkHc6/4RIKrui+Q==}
    engines: {node: '>=0.10.0'}

  restore-cursor@5.1.0:
    resolution: {integrity: sha512-oMA2dcrw6u0YfxJQXm342bFKX/E4sG9rbTzO9ptUcR/e8A33cHuvStiYOwH7fszkZlZ1z/ta9AAoPk2F4qIOHA==}
    engines: {node: '>=18'}

  rfdc@1.4.1:
    resolution: {integrity: sha512-q1b3N5QkRUWUl7iyylaaj3kOpIT0N2i9MqIEQXP73GVsN9cw3fdx8X63cEmWhJGi2PPCF23Ijp7ktmd39rawIA==}

  rsbuild-plugin-dts@0.23.2:
    resolution: {integrity: sha512-Ve8WOSPyTBjxH40O/6fChJtflL7yqcUtt5zbF0eHDM4hIt35jqLocRlSdCxFJdQm0blTjl6+hkmPa/vNI06ArA==}
    engines: {node: ^20.19.0 || >=22.12.0}
    peerDependencies:
      '@microsoft/api-extractor': ^7
      '@rsbuild/core': ^1.0.0 || ^2.0.0-0
      '@typescript/native-preview': ^7.0.0-0
      typescript: ^5 || ^6 || ^7.0.1-0
    peerDependenciesMeta:
      '@microsoft/api-extractor':
        optional: true
      '@typescript/native-preview':
        optional: true
      typescript:
        optional: true

  shebang-command@2.0.0:
    resolution: {integrity: sha512-kHxr2zZpYtdmrN1qDjrrX/Z1rR1kG8Dx+gkpK1G4eXmvXswmcE1hTWBWYUzlraYw1/yZp6YuDY77YtvbN0dmDA==}
    engines: {node: '>=8'}

  shebang-regex@3.0.0:
    resolution: {integrity: sha512-7++dFhtcx3353uBaq8DDR4NuxBetBzC7ZQOhmTQInHEd6bSrXdiEyzCvG07Z44UYdLShWUyXt5M/yhz8ekcb1A==}
    engines: {node: '>=8'}

  shell-quote@1.9.0:
    resolution: {integrity: sha512-Iov+JwFv/2HcTpcwNMKd8+IWNb8tboQJNQTkAY/LLVK7gGH9jy+LGkVqPxfekHl+yMmiqXszdGWXgkfml7hjqA==}
    engines: {node: '>= 0.4'}

  signal-exit@4.1.0:
    resolution: {integrity: sha512-bzyZ1e88w9O1iNJbKnOlvYTrWPDl46O1bG0D3XInv+9tkPrxrN8jUUTiFlDkkmKWgn1M6CfIA13SuGqOa9Korw==}
    engines: {node: '>=14'}

  slice-ansi@7.1.2:
    resolution: {integrity: sha512-iOBWFgUX7caIZiuutICxVgX1SdxwAVFFKwt1EvMYYec/NWO5meOJ6K5uQxhrYBdQJne4KxiqZc+KptFOWFSI9w==}
    engines: {node: '>=18'}

  slice-ansi@8.0.0:
    resolution: {integrity: sha512-stxByr12oeeOyY2BlviTNQlYV5xOj47GirPr4yA1hE9JCtxfQN0+tVbkxwCtYDQWhEKWFHsEK48ORg5jrouCAg==}
    engines: {node: '>=20'}

  string-argv@0.3.2:
    resolution: {integrity: sha512-aqD2Q0144Z+/RqG52NeHEkZauTAUWJO8c6yTftGJKO3Tja5tUgIfmIl6kExvhtxSDP7fXB6DvzkfMpCd/F3G+Q==}
    engines: {node: '>=0.6.19'}

  string-width@4.2.3:
    resolution: {integrity: sha512-wKyQRQpjJ0sIp62ErSZdGsjMJWsap5oRNihHhu6G7JVO/9jIB6UyevL+tXuOqrng8j/cxKTWyWUwvSTriiZz/g==}
    engines: {node: '>=8'}

  string-width@7.2.0:
    resolution: {integrity: sha512-tsaTIkKW9b4N+AEj+SVA+WhJzV7/zMhcSu78mLKWSk7cXMOSHsBKFWUs0fWwq8QyK3MgJBQRX6Gbi4kYbdvGkQ==}
    engines: {node: '>=18'}

  string-width@8.2.1:
    resolution: {integrity: sha512-IIaP0g3iy9Cyy18w3M9YcaDudujEAVHKt3a3QJg1+sr/oX96TbaGUubG0hJyCjCBThFH+tFpcIyoUHUn1ogaLA==}
    engines: {node: '>=20'}

  strip-ansi@6.0.1:
    resolution: {integrity: sha512-Y38VPSHcqkFrCpFnQ9vuSXmquuv5oXOKpGeT6aGrr3o3Gc9AlVa6JBfUSOCnbxGGZF+/0ooI7KrPuUSztUdU5A==}
    engines: {node: '>=8'}

  strip-ansi@7.2.0:
    resolution: {integrity: sha512-yDPMNjp4WyfYBkHnjIRLfca1i6KMyGCtsVgoKe/z1+6vukgaENdgGBZt+ZmKPc4gavvEZ5OgHfHdrazhgNyG7w==}
    engines: {node: '>=12'}

  three@0.185.1:
    resolution: {integrity: sha512-5aojFCXKwnjBRZvUnt3WFfEcvUJgkN5LlijRFN95hMy8WVkG4I0QNcJE+OuWvuJ0bOdStrbfXn0pkd6/QyiAlg==}

  tinyexec@1.2.4:
    resolution: {integrity: sha512-SHf/r48b7vOrjve9PxJo3MN5v5yuyjHvdUcrQffT3WXMUfnGmHDVbC4k3sHJaJTgZCwpUplIaAo5ANtMyp3YHg==}
    engines: {node: '>=18'}

  tslib@2.8.1:
    resolution: {integrity: sha512-oJFu94HQb+KVduSUQL7wnpmqnfmLsOA/nAh6b6EH0wCEoK0/mPeXU6c3wKDV83MkOuHPRHtSXKKU99IBazS/2w==}

  typescript@6.0.3:
    resolution: {integrity: sha512-y2TvuxSZPDyQakkFRPZHKFm+KKVqIisdg9/CZwm9ftvKXLP8NRWj38/ODjNbr43SsoXqNuAisEf1GdCxqWcdBw==}
    engines: {node: '>=14.17'}
    hasBin: true

  undici-types@8.3.0:
    resolution: {integrity: sha512-j375ScV60dom+YkPFIfTLcOiPxkN/buHz5GobjLhixFuANaNs3C9l4GmrWqejgXWJ7BbJcFYpTEUkS1Ge8bpZQ==}

  which@2.0.2:
    resolution: {integrity: sha512-BLI3Tl1TW3Pvl70l3yq3Y64i+awpwXqsGBYWkkqMtnbXgrMD+yj7rhW0kuEDxzJaYXGjEW5ogapKNMEKNMjibA==}
    engines: {node: '>= 8'}
    hasBin: true

  which@7.0.0:
    resolution: {integrity: sha512-RancgH2dmbLdHl6LRhEqvklWMgl/Hdnun0Y90KhBOLkMefg8Qa7/Zel8Sm+8HEcP6DEjzsWzpkuBQEZok58isA==}
    engines: {node: ^22.22.2 || ^24.15.0 || >=26.0.0}
    hasBin: true

  wrap-ansi@10.0.0:
    resolution: {integrity: sha512-SGcvg80f0wUy2/fXES19feHMz8E0JoXv2uNgHOu4Dgi2OrCy1lqwFYEJz1BLbDI0exjPMe/ZdzZ/YpGECBG/aQ==}
    engines: {node: '>=20'}

  wrap-ansi@7.0.0:
    resolution: {integrity: sha512-YVGIj2kamLSTxw6NsZjoBxfSwsn0ycdesmc4p+Q21c5zPuZ1pl+NfxVdxPtdHvmNVOQ6XSYG4AUtyt/Fi7D16Q==}
    engines: {node: '>=10'}

  wrap-ansi@9.0.2:
    resolution: {integrity: sha512-42AtmgqjV+X1VpdOfyTGOYRi0/zsoLqtXQckTmqTeybT+BDIbM/Guxo7x3pE2vtpr1ok6xRqM9OpBe+Jyoqyww==}
    engines: {node: '>=18'}

  y18n@5.0.8:
    resolution: {integrity: sha512-0pfFzegeDWJHJIAmTLRP2DwHjdF5s7jo9tuztdQxAhINCdvS+3nGINqPd00AphqJR/0LhANUS6/+7SCb98YOfA==}
    engines: {node: '>=10'}

  yaml@2.9.0:
    resolution: {integrity: sha512-2AvhNX3mb8zd6Zy7INTtSpl1F15HW6Wnqj0srWlkKLcpYl/gMIMJiyuGq2KeI2YFxUPjdlB+3Lc10seMLtL4cA==}
    engines: {node: '>= 14.6'}
    hasBin: true

  yargs-parser@21.1.1:
    resolution: {integrity: sha512-tVpsJW7DdjecAiFpbIB1e3qxIQsE6NoPc5/eTdrbbIC4h0LVsWhnoa3g+m2HclBIujHzsxZ4VJVA+GUuc2/LBw==}
    engines: {node: '>=12'}

  yargs@17.7.3:
    resolution: {integrity: sha512-GZtjxm/J/4TSxuL3FNYjCmLktBTnIw/rVmKSIyKeYAZpmJB2ig9VauCC5xsa82GNKVKDAqpOn3KVzNt0zmrU0g==}
    engines: {node: '>=12'}

snapshots:

  '@ast-grep/napi-darwin-arm64@0.37.0':
    optional: true

  '@ast-grep/napi-darwin-x64@0.37.0':
    optional: true

  '@ast-grep/napi-linux-arm64-gnu@0.37.0':
    optional: true

  '@ast-grep/napi-linux-arm64-musl@0.37.0':
    optional: true

  '@ast-grep/napi-linux-x64-gnu@0.37.0':
    optional: true

  '@ast-grep/napi-linux-x64-musl@0.37.0':
    optional: true

  '@ast-grep/napi-win32-arm64-msvc@0.37.0':
    optional: true

  '@ast-grep/napi-win32-ia32-msvc@0.37.0':
    optional: true

  '@ast-grep/napi-win32-x64-msvc@0.37.0':
    optional: true

  '@ast-grep/napi@0.37.0':
    optionalDependencies:
      '@ast-grep/napi-darwin-arm64': 0.37.0
      '@ast-grep/napi-darwin-x64': 0.37.0
      '@ast-grep/napi-linux-arm64-gnu': 0.37.0
      '@ast-grep/napi-linux-arm64-musl': 0.37.0
      '@ast-grep/napi-linux-x64-gnu': 0.37.0
      '@ast-grep/napi-linux-x64-musl': 0.37.0
      '@ast-grep/napi-win32-arm64-msvc': 0.37.0
      '@ast-grep/napi-win32-ia32-msvc': 0.37.0
      '@ast-grep/napi-win32-x64-msvc': 0.37.0

  '@biomejs/biome@2.5.2':
    optionalDependencies:
      '@biomejs/cli-darwin-arm64': 2.5.2
      '@biomejs/cli-darwin-x64': 2.5.2
      '@biomejs/cli-linux-arm64': 2.5.2
      '@biomejs/cli-linux-arm64-musl': 2.5.2
      '@biomejs/cli-linux-x64': 2.5.2
      '@biomejs/cli-linux-x64-musl': 2.5.2
      '@biomejs/cli-win32-arm64': 2.5.2
      '@biomejs/cli-win32-x64': 2.5.2

  '@biomejs/cli-darwin-arm64@2.5.2':
    optional: true

  '@biomejs/cli-darwin-x64@2.5.2':
    optional: true

  '@biomejs/cli-linux-arm64-musl@2.5.2':
    optional: true

  '@biomejs/cli-linux-arm64@2.5.2':
    optional: true

  '@biomejs/cli-linux-x64-musl@2.5.2':
    optional: true

  '@biomejs/cli-linux-x64@2.5.2':
    optional: true

  '@biomejs/cli-win32-arm64@2.5.2':
    optional: true

  '@biomejs/cli-win32-x64@2.5.2':
    optional: true

  '@dimforge/rapier3d-compat@0.12.0': {}

  '@emnapi/core@1.11.1':
    dependencies:
      '@emnapi/wasi-threads': 1.2.2
      tslib: 2.8.1
    optional: true

  '@emnapi/runtime@1.11.1':
    dependencies:
      tslib: 2.8.1
    optional: true

  '@emnapi/wasi-threads@1.2.2':
    dependencies:
      tslib: 2.8.1
    optional: true

  '@napi-rs/wasm-runtime@1.1.6(@emnapi/core@1.11.1)(@emnapi/runtime@1.11.1)':
    dependencies:
      '@emnapi/core': 1.11.1
      '@emnapi/runtime': 1.11.1
      '@tybys/wasm-util': 0.10.3
    optional: true

  '@rsbuild/core@2.1.4':
    dependencies:
      '@rspack/core': 2.1.2(@swc/helpers@0.5.23)
      '@swc/helpers': 0.5.23
    transitivePeerDependencies:
      - '@module-federation/runtime-tools'

  '@rsbuild/core@2.1.5':
    dependencies:
      '@rspack/core': 2.1.3(@swc/helpers@0.5.23)
      '@swc/helpers': 0.5.23
    transitivePeerDependencies:
      - '@module-federation/runtime-tools'

  '@rslib/core@0.23.2(typescript@6.0.3)':
    dependencies:
      '@rsbuild/core': 2.1.4
      rsbuild-plugin-dts: 0.23.2(@rsbuild/core@2.1.4)(typescript@6.0.3)
    optionalDependencies:
      typescript: 6.0.3
    transitivePeerDependencies:
      - '@module-federation/runtime-tools'
      - '@typescript/native-preview'
      - core-js

  '@rslint/core@0.6.5':
    dependencies:
      picomatch: 4.0.4
    optionalDependencies:
      '@rslint/native-darwin-arm64': 0.6.5
      '@rslint/native-darwin-x64': 0.6.5
      '@rslint/native-linux-arm64-gnu': 0.6.5
      '@rslint/native-linux-arm64-musl': 0.6.5
      '@rslint/native-linux-x64-gnu': 0.6.5
      '@rslint/native-linux-x64-musl': 0.6.5
      '@rslint/native-win32-arm64-msvc': 0.6.5
      '@rslint/native-win32-x64-msvc': 0.6.5

  '@rslint/native-darwin-arm64@0.6.5':
    optional: true

  '@rslint/native-darwin-x64@0.6.5':
    optional: true

  '@rslint/native-linux-arm64-gnu@0.6.5':
    optional: true

  '@rslint/native-linux-arm64-musl@0.6.5':
    optional: true

  '@rslint/native-linux-x64-gnu@0.6.5':
    optional: true

  '@rslint/native-linux-x64-musl@0.6.5':
    optional: true

  '@rslint/native-win32-arm64-msvc@0.6.5':
    optional: true

  '@rslint/native-win32-x64-msvc@0.6.5':
    optional: true

  '@rspack/binding-darwin-arm64@2.1.2':
    optional: true

  '@rspack/binding-darwin-arm64@2.1.3':
    optional: true

  '@rspack/binding-darwin-x64@2.1.2':
    optional: true

  '@rspack/binding-darwin-x64@2.1.3':
    optional: true

  '@rspack/binding-linux-arm64-gnu@2.1.2':
    optional: true

  '@rspack/binding-linux-arm64-gnu@2.1.3':
    optional: true

  '@rspack/binding-linux-arm64-musl@2.1.2':
    optional: true

  '@rspack/binding-linux-arm64-musl@2.1.3':
    optional: true

  '@rspack/binding-linux-riscv64-gnu@2.1.2':
    optional: true

  '@rspack/binding-linux-riscv64-gnu@2.1.3':
    optional: true

  '@rspack/binding-linux-riscv64-musl@2.1.2':
    optional: true

  '@rspack/binding-linux-riscv64-musl@2.1.3':
    optional: true

  '@rspack/binding-linux-x64-gnu@2.1.2':
    optional: true

  '@rspack/binding-linux-x64-gnu@2.1.3':
    optional: true

  '@rspack/binding-linux-x64-musl@2.1.2':
    optional: true

  '@rspack/binding-linux-x64-musl@2.1.3':
    optional: true

  '@rspack/binding-wasm32-wasi@2.1.2':
    dependencies:
      '@emnapi/core': 1.11.1
      '@emnapi/runtime': 1.11.1
      '@napi-rs/wasm-runtime': 1.1.6(@emnapi/core@1.11.1)(@emnapi/runtime@1.11.1)
    optional: true

  '@rspack/binding-wasm32-wasi@2.1.3':
    dependencies:
      '@emnapi/core': 1.11.1
      '@emnapi/runtime': 1.11.1
      '@napi-rs/wasm-runtime': 1.1.6(@emnapi/core@1.11.1)(@emnapi/runtime@1.11.1)
    optional: true

  '@rspack/binding-win32-arm64-msvc@2.1.2':
    optional: true

  '@rspack/binding-win32-arm64-msvc@2.1.3':
    optional: true

  '@rspack/binding-win32-ia32-msvc@2.1.2':
    optional: true

  '@rspack/binding-win32-ia32-msvc@2.1.3':
    optional: true

  '@rspack/binding-win32-x64-msvc@2.1.2':
    optional: true

  '@rspack/binding-win32-x64-msvc@2.1.3':
    optional: true

  '@rspack/binding@2.1.2':
    optionalDependencies:
      '@rspack/binding-darwin-arm64': 2.1.2
      '@rspack/binding-darwin-x64': 2.1.2
      '@rspack/binding-linux-arm64-gnu': 2.1.2
      '@rspack/binding-linux-arm64-musl': 2.1.2
      '@rspack/binding-linux-riscv64-gnu': 2.1.2
      '@rspack/binding-linux-riscv64-musl': 2.1.2
      '@rspack/binding-linux-x64-gnu': 2.1.2
      '@rspack/binding-linux-x64-musl': 2.1.2
      '@rspack/binding-wasm32-wasi': 2.1.2
      '@rspack/binding-win32-arm64-msvc': 2.1.2
      '@rspack/binding-win32-ia32-msvc': 2.1.2
      '@rspack/binding-win32-x64-msvc': 2.1.2

  '@rspack/binding@2.1.3':
    optionalDependencies:
      '@rspack/binding-darwin-arm64': 2.1.3
      '@rspack/binding-darwin-x64': 2.1.3
      '@rspack/binding-linux-arm64-gnu': 2.1.3
      '@rspack/binding-linux-arm64-musl': 2.1.3
      '@rspack/binding-linux-riscv64-gnu': 2.1.3
      '@rspack/binding-linux-riscv64-musl': 2.1.3
      '@rspack/binding-linux-x64-gnu': 2.1.3
      '@rspack/binding-linux-x64-musl': 2.1.3
      '@rspack/binding-wasm32-wasi': 2.1.3
      '@rspack/binding-win32-arm64-msvc': 2.1.3
      '@rspack/binding-win32-ia32-msvc': 2.1.3
      '@rspack/binding-win32-x64-msvc': 2.1.3

  '@rspack/core@2.1.2(@swc/helpers@0.5.23)':
    dependencies:
      '@rspack/binding': 2.1.2
    optionalDependencies:
      '@swc/helpers': 0.5.23

  '@rspack/core@2.1.3(@swc/helpers@0.5.23)':
    dependencies:
      '@rspack/binding': 2.1.3
    optionalDependencies:
      '@swc/helpers': 0.5.23

  '@rstest/adapter-rslib@0.11.0(@rslib/core@0.23.2(typescript@6.0.3))(@rstest/core@0.11.0)(typescript@6.0.3)':
    dependencies:
      '@rslib/core': 0.23.2(typescript@6.0.3)
      '@rstest/core': 0.11.0
    optionalDependencies:
      typescript: 6.0.3

  '@rstest/core@0.11.0':
    dependencies:
      '@rsbuild/core': 2.1.4
      '@types/chai': 5.2.3
    transitivePeerDependencies:
      - '@module-federation/runtime-tools'
      - core-js

  '@swc/helpers@0.5.23':
    dependencies:
      tslib: 2.8.1

  '@thi.ng/api@8.12.27': {}

  '@thi.ng/arrays@2.14.24':
    dependencies:
      '@thi.ng/api': 8.12.27
      '@thi.ng/checks': 3.10.1
      '@thi.ng/compare': 2.5.15
      '@thi.ng/equiv': 2.1.116
      '@thi.ng/errors': 2.6.16
      '@thi.ng/random': 4.1.53

  '@thi.ng/binary@3.6.16':
    dependencies:
      '@thi.ng/api': 8.12.27

  '@thi.ng/checks@3.10.1': {}

  '@thi.ng/colored-noise@1.0.137':
    dependencies:
      '@thi.ng/binary': 3.6.16
      '@thi.ng/random': 4.1.53

  '@thi.ng/compare@2.5.15':
    dependencies:
      '@thi.ng/api': 8.12.27

  '@thi.ng/compose@3.0.64':
    dependencies:
      '@thi.ng/api': 8.12.27
      '@thi.ng/errors': 2.6.16

  '@thi.ng/equiv@2.1.116': {}

  '@thi.ng/errors@2.6.16': {}

  '@thi.ng/math@5.15.16':
    dependencies:
      '@thi.ng/api': 8.12.27

  '@thi.ng/random@4.1.53':
    dependencies:
      '@thi.ng/api': 8.12.27
      '@thi.ng/errors': 2.6.16

  '@thi.ng/timestamp@1.1.46': {}

  '@thi.ng/transducers@9.6.41':
    dependencies:
      '@thi.ng/api': 8.12.27
      '@thi.ng/arrays': 2.14.24
      '@thi.ng/checks': 3.10.1
      '@thi.ng/compare': 2.5.15
      '@thi.ng/compose': 3.0.64
      '@thi.ng/errors': 2.6.16
      '@thi.ng/math': 5.15.16
      '@thi.ng/random': 4.1.53
      '@thi.ng/timestamp': 1.1.46

  '@tsconfig/node-lts@24.0.0': {}

  '@tweenjs/tween.js@23.1.3': {}

  '@tybys/wasm-util@0.10.3':
    dependencies:
      tslib: 2.8.1
    optional: true

  '@types/chai@5.2.3':
    dependencies:
      '@types/deep-eql': 4.0.2
      assertion-error: 2.0.1

  '@types/deep-eql@4.0.2': {}

  '@types/node@26.1.0':
    dependencies:
      undici-types: 8.3.0

  '@types/stats.js@0.17.4': {}

  '@types/three@0.185.0':
    dependencies:
      '@dimforge/rapier3d-compat': 0.12.0
      '@tweenjs/tween.js': 23.1.3
      '@types/stats.js': 0.17.4
      '@types/webxr': 0.5.24
      fflate: 0.8.3
      meshoptimizer: 1.1.1

  '@types/webxr@0.5.24': {}

  ansi-escapes@7.3.0:
    dependencies:
      environment: 1.1.0

  ansi-regex@5.0.1: {}

  ansi-regex@6.2.2: {}

  ansi-styles@4.3.0:
    dependencies:
      color-convert: 2.0.1

  ansi-styles@6.2.3: {}

  assertion-error@2.0.1: {}

  cli-cursor@5.0.0:
    dependencies:
      restore-cursor: 5.1.0

  cli-truncate@5.2.0:
    dependencies:
      slice-ansi: 8.0.0
      string-width: 8.2.1

  cliui@8.0.1:
    dependencies:
      string-width: 4.2.3
      strip-ansi: 6.0.1
      wrap-ansi: 7.0.0

  color-convert@2.0.1:
    dependencies:
      color-name: 1.1.4

  color-name@1.1.4: {}

  cross-spawn@7.0.6:
    dependencies:
      path-key: 3.1.1
      shebang-command: 2.0.0
      which: 2.0.2

  dts-bundle-generator@9.5.1:
    dependencies:
      typescript: 6.0.3
      yargs: 17.7.3

  emoji-regex@10.6.0: {}

  emoji-regex@8.0.0: {}

  environment@1.1.0: {}

  escalade@3.2.0: {}

  eventemitter3@5.0.4: {}

  fflate@0.8.3: {}

  get-caller-file@2.0.5: {}

  get-east-asian-width@1.6.0: {}

  husky@9.1.7: {}

  is-fullwidth-code-point@3.0.0: {}

  is-fullwidth-code-point@5.1.0:
    dependencies:
      get-east-asian-width: 1.6.0

  isexe@2.0.0: {}

  isexe@4.0.0: {}

  json-parse-even-better-errors@6.0.0: {}

  lint-staged@17.0.8:
    dependencies:
      listr2: 10.2.2
      picomatch: 4.0.5
      string-argv: 0.3.2
      tinyexec: 1.2.4
    optionalDependencies:
      yaml: 2.9.0

  listr2@10.2.2:
    dependencies:
      cli-truncate: 5.2.0
      eventemitter3: 5.0.4
      log-update: 6.1.0
      rfdc: 1.4.1
      wrap-ansi: 10.0.0

  log-update@6.1.0:
    dependencies:
      ansi-escapes: 7.3.0
      cli-cursor: 5.0.0
      slice-ansi: 7.1.2
      strip-ansi: 7.2.0
      wrap-ansi: 9.0.2

  memorystream@0.3.1: {}

  meshoptimizer@1.1.1: {}

  mimic-function@5.0.1: {}

  npm-normalize-package-bin@6.0.0: {}

  npm-run-all2@9.0.2:
    dependencies:
      ansi-styles: 6.2.3
      cross-spawn: 7.0.6
      memorystream: 0.3.1
      picomatch: 4.0.5
      pidtree: 1.0.0
      read-package-json-fast: 6.0.0
      shell-quote: 1.9.0
      which: 7.0.0

  onetime@7.0.0:
    dependencies:
      mimic-function: 5.0.1

  path-key@3.1.1: {}

  picomatch@4.0.4: {}

  picomatch@4.0.5: {}

  pidtree@1.0.0: {}

  prettier@3.9.4: {}

  read-package-json-fast@6.0.0:
    dependencies:
      json-parse-even-better-errors: 6.0.0
      npm-normalize-package-bin: 6.0.0

  require-directory@2.1.1: {}

  restore-cursor@5.1.0:
    dependencies:
      onetime: 7.0.0
      signal-exit: 4.1.0

  rfdc@1.4.1: {}

  rsbuild-plugin-dts@0.23.2(@rsbuild/core@2.1.4)(typescript@6.0.3):
    dependencies:
      '@ast-grep/napi': 0.37.0
      '@rsbuild/core': 2.1.4
    optionalDependencies:
      typescript: 6.0.3

  shebang-command@2.0.0:
    dependencies:
      shebang-regex: 3.0.0

  shebang-regex@3.0.0: {}

  shell-quote@1.9.0: {}

  signal-exit@4.1.0: {}

  slice-ansi@7.1.2:
    dependencies:
      ansi-styles: 6.2.3
      is-fullwidth-code-point: 5.1.0

  slice-ansi@8.0.0:
    dependencies:
      ansi-styles: 6.2.3
      is-fullwidth-code-point: 5.1.0

  string-argv@0.3.2: {}

  string-width@4.2.3:
    dependencies:
      emoji-regex: 8.0.0
      is-fullwidth-code-point: 3.0.0
      strip-ansi: 6.0.1

  string-width@7.2.0:
    dependencies:
      emoji-regex: 10.6.0
      get-east-asian-width: 1.6.0
      strip-ansi: 7.2.0

  string-width@8.2.1:
    dependencies:
      get-east-asian-width: 1.6.0
      strip-ansi: 7.2.0

  strip-ansi@6.0.1:
    dependencies:
      ansi-regex: 5.0.1

  strip-ansi@7.2.0:
    dependencies:
      ansi-regex: 6.2.2

  three@0.185.1: {}

  tinyexec@1.2.4: {}

  tslib@2.8.1: {}

  typescript@6.0.3: {}

  undici-types@8.3.0: {}

  which@2.0.2:
    dependencies:
      isexe: 2.0.0

  which@7.0.0:
    dependencies:
      isexe: 4.0.0

  wrap-ansi@10.0.0:
    dependencies:
      ansi-styles: 6.2.3
      string-width: 8.2.1
      strip-ansi: 7.2.0

  wrap-ansi@7.0.0:
    dependencies:
      ansi-styles: 4.3.0
      string-width: 4.2.3
      strip-ansi: 6.0.1

  wrap-ansi@9.0.2:
    dependencies:
      ansi-styles: 6.2.3
      string-width: 7.2.0
      strip-ansi: 7.2.0

  y18n@5.0.8: {}

  yaml@2.9.0:
    optional: true

  yargs-parser@21.1.1: {}

  yargs@17.7.3:
    dependencies:
      cliui: 8.0.1
      escalade: 3.2.0
      get-caller-file: 2.0.5
      require-directory: 2.1.1
      string-width: 4.2.3
      y18n: 5.0.8
      yargs-parser: 21.1.1
